
Microsoft Visual Studio Solution File, Format Version 12.00
# Visual Studio Version 16
VisualStudioVersion = 16.0.31911.196
MinimumVisualStudioVersion = 10.0.40219.1
Project("{8BC9CEB8-8B4A-11D0-8D11-00A0C91BC942}") = "Day 20", "Day 20.vcxproj", "{064675BE-9F50-4899-87BA-7F96E0D4E60B}"
EndProject
Global
	GlobalSection(SolutionConfigurationPlatforms) = preSolution
		Debug|x64 = Debug|x64
		Release|x64 = Release|x64
	EndGlobalSection
	GlobalSection(ProjectConfigurationPlatforms) = postSolution
		{064675BE-9F50-4899-87BA-7F96E0D4E60B}.Debug|x64.ActiveCfg = Debug|x64
		{064675BE-9F50-4899-87BA-7F96E0D4E60B}.Debug|x64.Build.0 = Debug|x64
		{064675BE-9F50-4899-87BA-7F96E0D4E60B}.Release|x64.ActiveCfg = Release|x64
		{064675BE-9F50-4899-87BA-7F96E0D4E60B}.Release|x64.Build.0 = Release|x64
	EndGlobalSection
	GlobalSection(SolutionProperties) = preSolution
		HideSolutionNode = FALSE
	EndGlobalSection
	GlobalSection(ExtensibilityGlobals) = postSolution
		SolutionGuid = {2456EB93-D220-4837-8FE8-16345B6F6F26}
	EndGlobalSection
EndGlobal
